
Microsoft Visual Studio Solution File, Format Version 12.00
# Visual Studio 15
VisualStudioVersion = 15.0.27130.2036
MinimumVisualStudioVersion = 10.0.40219.1
Project("{9A19103F-16F7-4668-BE54-9A1E7A4F7556}") = "TranspositionCipher", "TranspositionCipher\TranspositionCipher.csproj", "{B6730B80-8EA8-412D-9608-A20C88555931}"
	ProjectSection(ProjectDependencies) = postProject
		{09A4F425-52A4-430B-8993-E3274736FEE6} = {09A4F425-52A4-430B-8993-E3274736FEE6}
	EndProjectSection
EndProject
Project("{9A19103F-16F7-4668-BE54-9A1E7A4F7556}") = "Common", "Common\Common.csproj", "{09A4F425-52A4-430B-8993-E3274736FEE6}"
EndProject
Project("{FAE04EC0-301F-11D3-BF4B-00C04F79EFBC}") = "decoder", "decoder\decoder.csproj", "{857375CD-8B11-4C77-B06A-226C9AEA2E44}"
EndProject
Project("{FAE04EC0-301F-11D3-BF4B-00C04F79EFBC}") = "crc16hasher", "crc16hasher\crc16hasher.csproj", "{C9212D0E-D4FF-429F-A224-AAD23B38A9C3}"
EndProject
Global
	GlobalSection(SolutionConfigurationPlatforms) = preSolution
		Debug|Any CPU = Debug|Any CPU
		Release|Any CPU = Release|Any CPU
	EndGlobalSection
	GlobalSection(ProjectConfigurationPlatforms) = postSolution
		{B6730B80-8EA8-412D-9608-A20C88555931}.Debug|Any CPU.ActiveCfg = Debug|Any CPU
		{B6730B80-8EA8-412D-9608-A20C88555931}.Debug|Any CPU.Build.0 = Debug|Any CPU
		{B6730B80-8EA8-412D-9608-A20C88555931}.Release|Any CPU.ActiveCfg = Release|Any CPU
		{B6730B80-8EA8-412D-9608-A20C88555931}.Release|Any CPU.Build.0 = Release|Any CPU
		{09A4F425-52A4-430B-8993-E3274736FEE6}.Debug|Any CPU.ActiveCfg = Debug|Any CPU
		{09A4F425-52A4-430B-8993-E3274736FEE6}.Debug|Any CPU.Build.0 = Debug|Any CPU
		{09A4F425-52A4-430B-8993-E3274736FEE6}.Release|Any CPU.ActiveCfg = Release|Any CPU
		{09A4F425-52A4-430B-8993-E3274736FEE6}.Release|Any CPU.Build.0 = Release|Any CPU
		{857375CD-8B11-4C77-B06A-226C9AEA2E44}.Debug|Any CPU.ActiveCfg = Debug|Any CPU
		{857375CD-8B11-4C77-B06A-226C9AEA2E44}.Debug|Any CPU.Build.0 = Debug|Any CPU
		{857375CD-8B11-4C77-B06A-226C9AEA2E44}.Release|Any CPU.ActiveCfg = Release|Any CPU
		{857375CD-8B11-4C77-B06A-226C9AEA2E44}.Release|Any CPU.Build.0 = Release|Any CPU
		{C9212D0E-D4FF-429F-A224-AAD23B38A9C3}.Debug|Any CPU.ActiveCfg = Debug|Any CPU
		{C9212D0E-D4FF-429F-A224-AAD23B38A9C3}.Debug|Any CPU.Build.0 = Debug|Any CPU
		{C9212D0E-D4FF-429F-A224-AAD23B38A9C3}.Release|Any CPU.ActiveCfg = Release|Any CPU
		{C9212D0E-D4FF-429F-A224-AAD23B38A9C3}.Release|Any CPU.Build.0 = Release|Any CPU
	EndGlobalSection
	GlobalSection(SolutionProperties) = preSolution
		HideSolutionNode = FALSE
	EndGlobalSection
	GlobalSection(ExtensibilityGlobals) = postSolution
		SolutionGuid = {34BD05CF-F17C-4616-B95A-0213E5AA3A77}
	EndGlobalSection
EndGlobal
